{
  "name": "protocol",
  "version": "1.0.0",
  "lockfileVersion": 3,
  "requires": true,
  "packages": {
    "": {
      "name": "protocol",
      "version": "1.0.0",
      "dependencies": {
        "@perplexity-ai/perplexity_ai": "^0.38.5"
      },
      "engines": {
        "node": ">=18"
      }
    },
    "node_modules/@perplexity-ai/perplexity_ai": {
      "version": "0.38.5",
      "resolved": "https://registry.npmjs.org/@perplexity-ai/perplexity_ai/-/perplexity_ai-0.38.5.tgz",
      "integrity": "sha512-6fWtBdVEiXIyCXrjsEoJ2e6Lq1vbJhH3eGvJCY6lR9gE7Uc/v6hEUp6nRF2O1/li5lDcDfO70YksiaKm/M4Ncw==",
      "license": "Apache-2.0"
    }
  }
}
